
Microsoft Visual Studio Solution File, Format Version 12.00
# Visual Studio Version 16
VisualStudioVersion = 16.0.29318.209
MinimumVisualStudioVersion = 10.0.40219.1
Project("{FAE04EC0-301F-11D3-BF4B-00C04F79EFBC}") = "DotNetCore3Web", "DotNetCore3Web\DotNetCore3Web.csproj", "{9E543FA2-E562-4881-9D2E-DBBD9DAD4645}"
EndProject
Global
	GlobalSection(SolutionConfigurationPlatforms) = preSolution
		Debug|Any CPU = Debug|Any CPU
		Release|Any CPU = Release|Any CPU
	EndGlobalSection
	GlobalSection(ProjectConfigurationPlatforms) = postSolution
		{9E543FA2-E562-4881-9D2E-DBBD9DAD4645}.Debug|Any CPU.ActiveCfg = Debug|Any CPU
		{9E543FA2-E562-4881-9D2E-DBBD9DAD4645}.Debug|Any CPU.Build.0 = Debug|Any CPU
		{9E543FA2-E562-4881-9D2E-DBBD9DAD4645}.Release|Any CPU.ActiveCfg = Release|Any CPU
		{9E543FA2-E562-4881-9D2E-DBBD9DAD4645}.Release|Any CPU.Build.0 = Release|Any CPU
	EndGlobalSection
	GlobalSection(SolutionProperties) = preSolution
		HideSolutionNode = FALSE
	EndGlobalSection
	GlobalSection(ExtensibilityGlobals) = postSolution
		SolutionGuid = {2819DD5D-8869-4200-9FC1-1CDE35A499B1}
	EndGlobalSection
EndGlobal
